
Microsoft Visual Studio Solution File, Format Version 12.00
# Visual Studio Version 17
VisualStudioVersion = 17.0.31611.283
MinimumVisualStudioVersion = 10.0.40219.1
Project("{9A19103F-16F7-4668-BE54-9A1E7A4F7556}") = "TicTacToe.Mobile", "TicTacToe.Mobile\TicTacToe.Mobile.csproj", "{CD82DF18-0122-4894-8D15-C9973BCE372F}"
EndProject
Project("{FAE04EC0-301F-11D3-BF4B-00C04F79EFBC}") = "TicTacToeBlazorApp", "TicTacToeBlazorApp\TicTacToeBlazorApp.csproj", "{A3E21B6B-FB00-409B-91BE-1F8B23314BF2}"
EndProject
Project("{FAE04EC0-301F-11D3-BF4B-00C04F79EFBC}") = "BlazorApp2.Server", "BlazorApp2\Server\BlazorApp2.Server.csproj", "{0A189474-3464-4F24-9637-484907CD3159}"
EndProject
Project("{FAE04EC0-301F-11D3-BF4B-00C04F79EFBC}") = "BlazorApp2.Client", "BlazorApp2\Client\BlazorApp2.Client.csproj", "{F550E740-BC06-4D0E-8B78-B7BD0A1BD486}"
EndProject
Project("{FAE04EC0-301F-11D3-BF4B-00C04F79EFBC}") = "BlazorApp2.Shared", "BlazorApp2\Shared\BlazorApp2.Shared.csproj", "{8D57F8DD-89F3-4B01-9F04-E9AC06B248AB}"
EndProject
Global
	GlobalSection(SolutionConfigurationPlatforms) = preSolution
		Debug|Any CPU = Debug|Any CPU
		Release|Any CPU = Release|Any CPU
	EndGlobalSection
	GlobalSection(ProjectConfigurationPlatforms) = postSolution
		{CD82DF18-0122-4894-8D15-C9973BCE372F}.Debug|Any CPU.ActiveCfg = Debug|Any CPU
		{CD82DF18-0122-4894-8D15-C9973BCE372F}.Debug|Any CPU.Build.0 = Debug|Any CPU
		{CD82DF18-0122-4894-8D15-C9973BCE372F}.Debug|Any CPU.Deploy.0 = Debug|Any CPU
		{CD82DF18-0122-4894-8D15-C9973BCE372F}.Release|Any CPU.ActiveCfg = Release|Any CPU
		{CD82DF18-0122-4894-8D15-C9973BCE372F}.Release|Any CPU.Build.0 = Release|Any CPU
		{CD82DF18-0122-4894-8D15-C9973BCE372F}.Release|Any CPU.Deploy.0 = Release|Any CPU
		{A3E21B6B-FB00-409B-91BE-1F8B23314BF2}.Debug|Any CPU.ActiveCfg = Debug|Any CPU
		{A3E21B6B-FB00-409B-91BE-1F8B23314BF2}.Debug|Any CPU.Build.0 = Debug|Any CPU
		{A3E21B6B-FB00-409B-91BE-1F8B23314BF2}.Release|Any CPU.ActiveCfg = Release|Any CPU
		{A3E21B6B-FB00-409B-91BE-1F8B23314BF2}.Release|Any CPU.Build.0 = Release|Any CPU
		{0A189474-3464-4F24-9637-484907CD3159}.Debug|Any CPU.ActiveCfg = Debug|Any CPU
		{0A189474-3464-4F24-9637-484907CD3159}.Debug|Any CPU.Build.0 = Debug|Any CPU
		{0A189474-3464-4F24-9637-484907CD3159}.Release|Any CPU.ActiveCfg = Release|Any CPU
		{0A189474-3464-4F24-9637-484907CD3159}.Release|Any CPU.Build.0 = Release|Any CPU
		{F550E740-BC06-4D0E-8B78-B7BD0A1BD486}.Debug|Any CPU.ActiveCfg = Debug|Any CPU
		{F550E740-BC06-4D0E-8B78-B7BD0A1BD486}.Debug|Any CPU.Build.0 = Debug|Any CPU
		{F550E740-BC06-4D0E-8B78-B7BD0A1BD486}.Release|Any CPU.ActiveCfg = Release|Any CPU
		{F550E740-BC06-4D0E-8B78-B7BD0A1BD486}.Release|Any CPU.Build.0 = Release|Any CPU
		{8D57F8DD-89F3-4B01-9F04-E9AC06B248AB}.Debug|Any CPU.ActiveCfg = Debug|Any CPU
		{8D57F8DD-89F3-4B01-9F04-E9AC06B248AB}.Debug|Any CPU.Build.0 = Debug|Any CPU
		{8D57F8DD-89F3-4B01-9F04-E9AC06B248AB}.Release|Any CPU.ActiveCfg = Release|Any CPU
		{8D57F8DD-89F3-4B01-9F04-E9AC06B248AB}.Release|Any CPU.Build.0 = Release|Any CPU
	EndGlobalSection
	GlobalSection(SolutionProperties) = preSolution
		HideSolutionNode = FALSE
	EndGlobalSection
	GlobalSection(ExtensibilityGlobals) = postSolution
		SolutionGuid = {61F7FB11-1E47-470C-91E2-47F8143E1572}
	EndGlobalSection
EndGlobal
